
Microsoft Visual Studio Solution File, Format Version 12.00
# Visual Studio Version 17
VisualStudioVersion = 17.13.35931.197 d17.13
MinimumVisualStudioVersion = 10.0.40219.1
Project("{FAE04EC0-301F-11D3-BF4B-00C04F79EFBC}") = "Rest API CV", "Rest API CV.csproj", "{D1C16D07-2B41-4211-91A8-01368D615A46}"
EndProject
Global
	GlobalSection(SolutionConfigurationPlatforms) = preSolution
		Debug|Any CPU = Debug|Any CPU
		Release|Any CPU = Release|Any CPU
	EndGlobalSection
	GlobalSection(ProjectConfigurationPlatforms) = postSolution
		{D1C16D07-2B41-4211-91A8-01368D615A46}.Debug|Any CPU.ActiveCfg = Debug|Any CPU
		{D1C16D07-2B41-4211-91A8-01368D615A46}.Debug|Any CPU.Build.0 = Debug|Any CPU
		{D1C16D07-2B41-4211-91A8-01368D615A46}.Release|Any CPU.ActiveCfg = Release|Any CPU
		{D1C16D07-2B41-4211-91A8-01368D615A46}.Release|Any CPU.Build.0 = Release|Any CPU
	EndGlobalSection
	GlobalSection(SolutionProperties) = preSolution
		HideSolutionNode = FALSE
	EndGlobalSection
	GlobalSection(ExtensibilityGlobals) = postSolution
		SolutionGuid = {2065FFB7-0CAB-4B82-A302-A0C37FEC1458}
	EndGlobalSection
EndGlobal
